
Microsoft Visual Studio Solution File, Format Version 12.00
# Visual Studio Version 17
VisualStudioVersion = 17.2.32505.173
MinimumVisualStudioVersion = 10.0.40219.1
Project("{FAE04EC0-301F-11D3-BF4B-00C04F79EFBC}") = "JokesWebApp", "JokesWebApp.csproj", "{8D3E079C-5D75-40C4-9A6B-69DB67F38A36}"
EndProject
Project("{2150E333-8FDC-42A3-9474-1A3956D46DE8}") = "Solution Items", "Solution Items", "{061E4A25-35E9-4D8C-801A-64B7B2630894}"
	ProjectSection(SolutionItems) = preProject
		.editorconfig = .editorconfig
	EndProjectSection
EndProject
Global
	GlobalSection(SolutionConfigurationPlatforms) = preSolution
		Debug|Any CPU = Debug|Any CPU
		Release|Any CPU = Release|Any CPU
	EndGlobalSection
	GlobalSection(ProjectConfigurationPlatforms) = postSolution
		{8D3E079C-5D75-40C4-9A6B-69DB67F38A36}.Debug|Any CPU.ActiveCfg = Debug|Any CPU
		{8D3E079C-5D75-40C4-9A6B-69DB67F38A36}.Debug|Any CPU.Build.0 = Debug|Any CPU
		{8D3E079C-5D75-40C4-9A6B-69DB67F38A36}.Release|Any CPU.ActiveCfg = Release|Any CPU
		{8D3E079C-5D75-40C4-9A6B-69DB67F38A36}.Release|Any CPU.Build.0 = Release|Any CPU
	EndGlobalSection
	GlobalSection(SolutionProperties) = preSolution
		HideSolutionNode = FALSE
	EndGlobalSection
	GlobalSection(ExtensibilityGlobals) = postSolution
		SolutionGuid = {AF91622D-0A07-47AE-AC0E-C097EDBDB54E}
	EndGlobalSection
EndGlobal
